
Microsoft Visual Studio Solution File, Format Version 12.00
# Visual Studio Version 16
VisualStudioVersion = 25.0.1706.1
MinimumVisualStudioVersion = 10.0.40219.1
Project("{FAE04EC0-301F-11D3-BF4B-00C04F79EFBC}") = "PickRandomCards", "PickRandomCards\PickRandomCards.csproj", "{1CBF29AC-9351-4BFC-80EB-F50B680D3CFA}"
EndProject
Global
	GlobalSection(SolutionConfigurationPlatforms) = preSolution
		Debug|Any CPU = Debug|Any CPU
		Release|Any CPU = Release|Any CPU
	EndGlobalSection
	GlobalSection(ProjectConfigurationPlatforms) = postSolution
		{1CBF29AC-9351-4BFC-80EB-F50B680D3CFA}.Debug|Any CPU.ActiveCfg = Debug|Any CPU
		{1CBF29AC-9351-4BFC-80EB-F50B680D3CFA}.Debug|Any CPU.Build.0 = Debug|Any CPU
		{1CBF29AC-9351-4BFC-80EB-F50B680D3CFA}.Release|Any CPU.ActiveCfg = Release|Any CPU
		{1CBF29AC-9351-4BFC-80EB-F50B680D3CFA}.Release|Any CPU.Build.0 = Release|Any CPU
	EndGlobalSection
	GlobalSection(SolutionProperties) = preSolution
		HideSolutionNode = FALSE
	EndGlobalSection
	GlobalSection(ExtensibilityGlobals) = postSolution
		SolutionGuid = {CB8C8E76-0752-40DE-95EA-7401AAD9A4F5}
	EndGlobalSection
EndGlobal
